
Microsoft Visual Studio Solution File, Format Version 12.00
# Visual Studio Version 17
VisualStudioVersion = 17.6.33829.357
MinimumVisualStudioVersion = 10.0.40219.1
Project("{9A19103F-16F7-4668-BE54-9A1E7A4F7556}") = "os project", "os project\os project.csproj", "{AA143287-8C36-4880-A226-9F7DDFA532A6}"
EndProject
Global
	GlobalSection(SolutionConfigurationPlatforms) = preSolution
		Debug|Any CPU = Debug|Any CPU
		Release|Any CPU = Release|Any CPU
	EndGlobalSection
	GlobalSection(ProjectConfigurationPlatforms) = postSolution
		{AA143287-8C36-4880-A226-9F7DDFA532A6}.Debug|Any CPU.ActiveCfg = Debug|Any CPU
		{AA143287-8C36-4880-A226-9F7DDFA532A6}.Debug|Any CPU.Build.0 = Debug|Any CPU
		{AA143287-8C36-4880-A226-9F7DDFA532A6}.Release|Any CPU.ActiveCfg = Release|Any CPU
		{AA143287-8C36-4880-A226-9F7DDFA532A6}.Release|Any CPU.Build.0 = Release|Any CPU
	EndGlobalSection
	GlobalSection(SolutionProperties) = preSolution
		HideSolutionNode = FALSE
	EndGlobalSection
	GlobalSection(ExtensibilityGlobals) = postSolution
		SolutionGuid = {E98FF2CB-8800-4F76-A2C7-093A8079CEB9}
	EndGlobalSection
EndGlobal
